
Microsoft Visual Studio Solution File, Format Version 12.00
# Visual Studio Version 16
VisualStudioVersion = 16.0.30611.23
MinimumVisualStudioVersion = 10.0.40219.1
Project("{54435603-DBB4-11D2-8724-00A0C9A8B90C}") = "RLBotGUIX Installer", "RLBotGUIX Installer\RLBotGUIX Installer.vdproj", "{F07B364F-FC87-4711-96AD-5319880A1D03}"
EndProject
Global
	GlobalSection(SolutionConfigurationPlatforms) = preSolution
		Debug|Default = Debug|Default
		Release|Default = Release|Default
	EndGlobalSection
	GlobalSection(ProjectConfigurationPlatforms) = postSolution
		{F07B364F-FC87-4711-96AD-5319880A1D03}.Debug|Default.ActiveCfg = Debug
		{F07B364F-FC87-4711-96AD-5319880A1D03}.Debug|Default.Build.0 = Debug
		{F07B364F-FC87-4711-96AD-5319880A1D03}.Release|Default.ActiveCfg = Release
		{F07B364F-FC87-4711-96AD-5319880A1D03}.Release|Default.Build.0 = Release
	EndGlobalSection
	GlobalSection(SolutionProperties) = preSolution
		HideSolutionNode = FALSE
	EndGlobalSection
	GlobalSection(ExtensibilityGlobals) = postSolution
		SolutionGuid = {92F96D55-D831-4881-80EA-8A97F32FC046}
	EndGlobalSection
EndGlobal
